
Microsoft Visual Studio Solution File, Format Version 12.00
# Visual Studio Version 17
VisualStudioVersion = 17.4.33213.308
MinimumVisualStudioVersion = 10.0.40219.1
Project("{9A19103F-16F7-4668-BE54-9A1E7A4F7556}") = "BlazorSyncfusionCrm.Server", "BlazorSyncfusionCrm\Server\BlazorSyncfusionCrm.Server.csproj", "{19554BA2-AC47-4BF7-8279-20E4B60D14F0}"
EndProject
Project("{9A19103F-16F7-4668-BE54-9A1E7A4F7556}") = "BlazorSyncfusionCrm.Client", "BlazorSyncfusionCrm\Client\BlazorSyncfusionCrm.Client.csproj", "{2DB9B192-2219-46D0-918A-6132C43BAB8C}"
EndProject
Project("{9A19103F-16F7-4668-BE54-9A1E7A4F7556}") = "BlazorSyncfusionCrm.Shared", "BlazorSyncfusionCrm\Shared\BlazorSyncfusionCrm.Shared.csproj", "{D3BDD35F-FD81-46A7-A737-2430A6098901}"
EndProject
Global
	GlobalSection(SolutionConfigurationPlatforms) = preSolution
		Debug|Any CPU = Debug|Any CPU
		Release|Any CPU = Release|Any CPU
	EndGlobalSection
	GlobalSection(ProjectConfigurationPlatforms) = postSolution
		{19554BA2-AC47-4BF7-8279-20E4B60D14F0}.Debug|Any CPU.ActiveCfg = Debug|Any CPU
		{19554BA2-AC47-4BF7-8279-20E4B60D14F0}.Debug|Any CPU.Build.0 = Debug|Any CPU
		{19554BA2-AC47-4BF7-8279-20E4B60D14F0}.Release|Any CPU.ActiveCfg = Release|Any CPU
		{19554BA2-AC47-4BF7-8279-20E4B60D14F0}.Release|Any CPU.Build.0 = Release|Any CPU
		{2DB9B192-2219-46D0-918A-6132C43BAB8C}.Debug|Any CPU.ActiveCfg = Debug|Any CPU
		{2DB9B192-2219-46D0-918A-6132C43BAB8C}.Debug|Any CPU.Build.0 = Debug|Any CPU
		{2DB9B192-2219-46D0-918A-6132C43BAB8C}.Release|Any CPU.ActiveCfg = Release|Any CPU
		{2DB9B192-2219-46D0-918A-6132C43BAB8C}.Release|Any CPU.Build.0 = Release|Any CPU
		{D3BDD35F-FD81-46A7-A737-2430A6098901}.Debug|Any CPU.ActiveCfg = Debug|Any CPU
		{D3BDD35F-FD81-46A7-A737-2430A6098901}.Debug|Any CPU.Build.0 = Debug|Any CPU
		{D3BDD35F-FD81-46A7-A737-2430A6098901}.Release|Any CPU.ActiveCfg = Release|Any CPU
		{D3BDD35F-FD81-46A7-A737-2430A6098901}.Release|Any CPU.Build.0 = Release|Any CPU
	EndGlobalSection
	GlobalSection(SolutionProperties) = preSolution
		HideSolutionNode = FALSE
	EndGlobalSection
	GlobalSection(ExtensibilityGlobals) = postSolution
		SolutionGuid = {2155969A-5FDF-406B-AEEB-795985ED4231}
	EndGlobalSection
EndGlobal
